
Microsoft Visual Studio Solution File, Format Version 12.00
# Visual Studio Version 16
VisualStudioVersion = 16.0.810.0
MinimumVisualStudioVersion = 10.0.40219.1
Project("{FAE04EC0-301F-11D3-BF4B-00C04F79EFBC}") = "Web_App", "Web_App.csproj", "{44BC5719-CD51-4087-A2E0-ABAD466383E2}"
EndProject
Global
	GlobalSection(SolutionConfigurationPlatforms) = preSolution
		Debug|Any CPU = Debug|Any CPU
		Release|Any CPU = Release|Any CPU
	EndGlobalSection
	GlobalSection(ProjectConfigurationPlatforms) = postSolution
		{44BC5719-CD51-4087-A2E0-ABAD466383E2}.Debug|Any CPU.ActiveCfg = Debug|Any CPU
		{44BC5719-CD51-4087-A2E0-ABAD466383E2}.Debug|Any CPU.Build.0 = Debug|Any CPU
		{44BC5719-CD51-4087-A2E0-ABAD466383E2}.Release|Any CPU.ActiveCfg = Release|Any CPU
		{44BC5719-CD51-4087-A2E0-ABAD466383E2}.Release|Any CPU.Build.0 = Release|Any CPU
	EndGlobalSection
	GlobalSection(SolutionProperties) = preSolution
		HideSolutionNode = FALSE
	EndGlobalSection
	GlobalSection(ExtensibilityGlobals) = postSolution
		SolutionGuid = {319F954C-D6E7-4BAE-B645-9CB00831BE8F}
	EndGlobalSection
EndGlobal
